// !$*UTF8*$!
{
	archiveVersion = 1;
	classes = {
	};
	objectVersion = 55;
	objects = {

/* Begin PBXBuildFile section */
		926178BA2826C7BE00F2206C /* AppDelegate.swift in Sources */ = {isa = PBXBuildFile; fileRef = 926178B92826C7BE00F2206C /* AppDelegate.swift */; };
		926178BC2826C7BE00F2206C /* SceneDelegate.swift in Sources */ = {isa = PBXBuildFile; fileRef = 926178BB2826C7BE00F2206C /* SceneDelegate.swift */; };
		926178BE2826C7BE00F2206C /* ViewController.swift in Sources */ = {isa = PBXBuildFile; fileRef = 926178BD2826C7BE00F2206C /* ViewController.swift */; };
		926178C32826C7BF00F2206C /* Assets.xcassets in Resources */ = {isa = PBXBuildFile; fileRef = 926178C22826C7BF00F2206C /* Assets.xcassets */; };
		926178C62826C7BF00F2206C /* LaunchScreen.storyboard in Resources */ = {isa = PBXBuildFile; fileRef = 926178C42826C7BF00F2206C /* LaunchScreen.storyboard */; };
		926178D12826C7BF00F2206C /* InterestingNumbersAppTests.swift in Sources */ = {isa = PBXBuildFile; fileRef = 926178D02826C7BF00F2206C /* InterestingNumbersAppTests.swift */; };
		926178DB2826C7BF00F2206C /* InterestingNumbersAppUITests.swift in Sources */ = {isa = PBXBuildFile; fileRef = 926178DA2826C7BF00F2206C /* InterestingNumbersAppUITests.swift */; };
		926178DD2826C7BF00F2206C /* InterestingNumbersAppUITestsLaunchTests.swift in Sources */ = {isa = PBXBuildFile; fileRef = 926178DC2826C7BF00F2206C /* InterestingNumbersAppUITestsLaunchTests.swift */; };
		926178F62826C8E900F2206C /* OpenSans-SemiBold.ttf in Resources */ = {isa = PBXBuildFile; fileRef = 926178EA2826C8E900F2206C /* OpenSans-SemiBold.ttf */; };
		926178F72826C8E900F2206C /* OpenSans-Light.ttf in Resources */ = {isa = PBXBuildFile; fileRef = 926178EB2826C8E900F2206C /* OpenSans-Light.ttf */; };
		926178F82826C8E900F2206C /* OpenSans-Italic.ttf in Resources */ = {isa = PBXBuildFile; fileRef = 926178EC2826C8E900F2206C /* OpenSans-Italic.ttf */; };
		926178F92826C8E900F2206C /* OpenSans-MediumItalic.ttf in Resources */ = {isa = PBXBuildFile; fileRef = 926178ED2826C8E900F2206C /* OpenSans-MediumItalic.ttf */; };
		926178FA2826C8E900F2206C /* OpenSans-ExtraBold.ttf in Resources */ = {isa = PBXBuildFile; fileRef = 926178EE2826C8E900F2206C /* OpenSans-ExtraBold.ttf */; };
		926178FB2826C8E900F2206C /* OpenSans-LightItalic.ttf in Resources */ = {isa = PBXBuildFile; fileRef = 926178EF2826C8E900F2206C /* OpenSans-LightItalic.ttf */; };
		926178FC2826C8E900F2206C /* OpenSans-Bold.ttf in Resources */ = {isa = PBXBuildFile; fileRef = 926178F02826C8E900F2206C /* OpenSans-Bold.ttf */; };
		926178FD2826C8E900F2206C /* OpenSans-SemiBoldItalic.ttf in Resources */ = {isa = PBXBuildFile; fileRef = 926178F12826C8E900F2206C /* OpenSans-SemiBoldItalic.ttf */; };
		926178FE2826C8E900F2206C /* OpenSans-Medium.ttf in Resources */ = {isa = PBXBuildFile; fileRef = 926178F22826C8E900F2206C /* OpenSans-Medium.ttf */; };
		926178FF2826C8E900F2206C /* OpenSans-ExtraBoldItalic.ttf in Resources */ = {isa = PBXBuildFile; fileRef = 926178F32826C8E900F2206C /* OpenSans-ExtraBoldItalic.ttf */; };
		926179002826C8E900F2206C /* OpenSans-Regular.ttf in Resources */ = {isa = PBXBuildFile; fileRef = 926178F42826C8E900F2206C /* OpenSans-Regular.ttf */; };
		926179012826C8E900F2206C /* OpenSans-BoldItalic.ttf in Resources */ = {isa = PBXBuildFile; fileRef = 926178F52826C8E900F2206C /* OpenSans-BoldItalic.ttf */; };
		926179042826E52800F2206C /* UIColor+Extensions.swift in Sources */ = {isa = PBXBuildFile; fileRef = 926179032826E52800F2206C /* UIColor+Extensions.swift */; };
		926179062826E61D00F2206C /* UIFont+Extension.swift in Sources */ = {isa = PBXBuildFile; fileRef = 926179052826E61D00F2206C /* UIFont+Extension.swift */; };
		9261790828272BE300F2206C /* NetworkService.swift in Sources */ = {isa = PBXBuildFile; fileRef = 9261790728272BE300F2206C /* NetworkService.swift */; };
		9261790A2827409900F2206C /* UIView+Extensions.swift in Sources */ = {isa = PBXBuildFile; fileRef = 926179092827409900F2206C /* UIView+Extensions.swift */; };
		9261790C2827D19600F2206C /* SearchResults.swift in Sources */ = {isa = PBXBuildFile; fileRef = 9261790B2827D19600F2206C /* SearchResults.swift */; };
		9261790E2827E11900F2206C /* FactViewController.swift in Sources */ = {isa = PBXBuildFile; fileRef = 9261790D2827E11900F2206C /* FactViewController.swift */; };
		926179112827F9B600F2206C /* NetworkDataFetcher.swift in Sources */ = {isa = PBXBuildFile; fileRef = 926179102827F9B600F2206C /* NetworkDataFetcher.swift */; };
		9261791628296CA800F2206C /* FetchedNumber.swift in Sources */ = {isa = PBXBuildFile; fileRef = 9261791528296CA800F2206C /* FetchedNumber.swift */; };
		926179182829A53400F2206C /* UIButton+Extension.swift in Sources */ = {isa = PBXBuildFile; fileRef = 926179172829A53400F2206C /* UIButton+Extension.swift */; };
/* End PBXBuildFile section */

/* Begin PBXContainerItemProxy section */
		926178CD2826C7BF00F2206C /* PBXContainerItemProxy */ = {
			isa = PBXContainerItemProxy;
			containerPortal = 926178AE2826C7BE00F2206C /* Project object */;
			proxyType = 1;
			remoteGlobalIDString = 926178B52826C7BE00F2206C;
			remoteInfo = InterestingNumbersApp;
		};
		926178D72826C7BF00F2206C /* PBXContainerItemProxy */ = {
			isa = PBXContainerItemProxy;
			containerPortal = 926178AE2826C7BE00F2206C /* Project object */;
			proxyType = 1;
			remoteGlobalIDString = 926178B52826C7BE00F2206C;
			remoteInfo = InterestingNumbersApp;
		};
/* End PBXContainerItemProxy section */

/* Begin PBXFileReference section */
		926178B62826C7BE00F2206C /* InterestingNumbersApp.app */ = {isa = PBXFileReference; explicitFileType = wrapper.application; includeInIndex = 0; path = InterestingNumbersApp.app; sourceTree = BUILT_PRODUCTS_DIR; };
		926178B92826C7BE00F2206C /* AppDelegate.swift */ = {isa = PBXFileReference; lastKnownFileType = sourcecode.swift; path = AppDelegate.swift; sourceTree = "<group>"; };
		926178BB2826C7BE00F2206C /* SceneDelegate.swift */ = {isa = PBXFileReference; lastKnownFileType = sourcecode.swift; path = SceneDelegate.swift; sourceTree = "<group>"; };
		926178BD2826C7BE00F2206C /* ViewController.swift */ = {isa = PBXFileReference; lastKnownFileType = sourcecode.swift; path = ViewController.swift; sourceTree = "<group>"; };
		926178C22826C7BF00F2206C /* Assets.xcassets */ = {isa = PBXFileReference; lastKnownFileType = folder.assetcatalog; path = Assets.xcassets; sourceTree = "<group>"; };
		926178C52826C7BF00F2206C /* Base */ = {isa = PBXFileReference; lastKnownFileType = file.storyboard; name = Base; path = Base.lproj/LaunchScreen.storyboard; sourceTree = "<group>"; };
		926178C72826C7BF00F2206C /* Info.plist */ = {isa = PBXFileReference; lastKnownFileType = text.plist.xml; path = Info.plist; sourceTree = "<group>"; };
		926178CC2826C7BF00F2206C /* InterestingNumbersAppTests.xctest */ = {isa = PBXFileReference; explicitFileType = wrapper.cfbundle; includeInIndex = 0; path = InterestingNumbersAppTests.xctest; sourceTree = BUILT_PRODUCTS_DIR; };
		926178D02826C7BF00F2206C /* InterestingNumbersAppTests.swift */ = {isa = PBXFileReference; lastKnownFileType = sourcecode.swift; path = InterestingNumbersAppTests.swift; sourceTree = "<group>"; };
		926178D62826C7BF00F2206C /* InterestingNumbersAppUITests.xctest */ = {isa = PBXFileReference; explicitFileType = wrapper.cfbundle; includeInIndex = 0; path = InterestingNumbersAppUITests.xctest; sourceTree = BUILT_PRODUCTS_DIR; };
		926178DA2826C7BF00F2206C /* InterestingNumbersAppUITests.swift */ = {isa = PBXFileReference; lastKnownFileType = sourcecode.swift; path = InterestingNumbersAppUITests.swift; sourceTree = "<group>"; };
		926178DC2826C7BF00F2206C /* InterestingNumbersAppUITestsLaunchTests.swift */ = {isa = PBXFileReference; lastKnownFileType = sourcecode.swift; path = InterestingNumbersAppUITestsLaunchTests.swift; sourceTree = "<group>"; };
		926178EA2826C8E900F2206C /* OpenSans-SemiBold.ttf */ = {isa = PBXFileReference; lastKnownFileType = file; path = "OpenSans-SemiBold.ttf"; sourceTree = "<group>"; };
		926178EB2826C8E900F2206C /* OpenSans-Light.ttf */ = {isa = PBXFileReference; lastKnownFileType = file; path = "OpenSans-Light.ttf"; sourceTree = "<group>"; };
		926178EC2826C8E900F2206C /* OpenSans-Italic.ttf */ = {isa = PBXFileReference; lastKnownFileType = file; path = "OpenSans-Italic.ttf"; sourceTree = "<group>"; };
		926178ED2826C8E900F2206C /* OpenSans-MediumItalic.ttf */ = {isa = PBXFileReference; lastKnownFileType = file; path = "OpenSans-MediumItalic.ttf"; sourceTree = "<group>"; };
		926178EE2826C8E900F2206C /* OpenSans-ExtraBold.ttf */ = {isa = PBXFileReference; lastKnownFileType = file; path = "OpenSans-ExtraBold.ttf"; sourceTree = "<group>"; };
		926178EF2826C8E900F2206C /* OpenSans-LightItalic.ttf */ = {isa = PBXFileReference; lastKnownFileType = file; path = "OpenSans-LightItalic.ttf"; sourceTree = "<group>"; };
		926178F02826C8E900F2206C /* OpenSans-Bold.ttf */ = {isa = PBXFileReference; lastKnownFileType = file; path = "OpenSans-Bold.ttf"; sourceTree = "<group>"; };
		926178F12826C8E900F2206C /* OpenSans-SemiBoldItalic.ttf */ = {isa = PBXFileReference; lastKnownFileType = file; path = "OpenSans-SemiBoldItalic.ttf"; sourceTree = "<group>"; };
		926178F22826C8E900F2206C /* OpenSans-Medium.ttf */ = {isa = PBXFileReference; lastKnownFileType = file; path = "OpenSans-Medium.ttf"; sourceTree = "<group>"; };
		926178F32826C8E900F2206C /* OpenSans-ExtraBoldItalic.ttf */ = {isa = PBXFileReference; lastKnownFileType = file; path = "OpenSans-ExtraBoldItalic.ttf"; sourceTree = "<group>"; };
		926178F42826C8E900F2206C /* OpenSans-Regular.ttf */ = {isa = PBXFileReference; lastKnownFileType = file; path = "OpenSans-Regular.ttf"; sourceTree = "<group>"; };
		926178F52826C8E900F2206C /* OpenSans-BoldItalic.ttf */ = {isa = PBXFileReference; lastKnownFileType = file; path = "OpenSans-BoldItalic.ttf"; sourceTree = "<group>"; };
		926179032826E52800F2206C /* UIColor+Extensions.swift */ = {isa = PBXFileReference; lastKnownFileType = sourcecode.swift; path = "UIColor+Extensions.swift"; sourceTree = "<group>"; };
		926179052826E61D00F2206C /* UIFont+Extension.swift */ = {isa = PBXFileReference; lastKnownFileType = sourcecode.swift; path = "UIFont+Extension.swift"; sourceTree = "<group>"; };
		9261790728272BE300F2206C /* NetworkService.swift */ = {isa = PBXFileReference; lastKnownFileType = sourcecode.swift; path = NetworkService.swift; sourceTree = "<group>"; };
		926179092827409900F2206C /* UIView+Extensions.swift */ = {isa = PBXFileReference; lastKnownFileType = sourcecode.swift; path = "UIView+Extensions.swift"; sourceTree = "<group>"; };
		9261790B2827D19600F2206C /* SearchResults.swift */ = {isa = PBXFileReference; lastKnownFileType = sourcecode.swift; path = SearchResults.swift; sourceTree = "<group>"; };
		9261790D2827E11900F2206C /* FactViewController.swift */ = {isa = PBXFileReference; lastKnownFileType = sourcecode.swift; path = FactViewController.swift; sourceTree = "<group>"; };
		926179102827F9B600F2206C /* NetworkDataFetcher.swift */ = {isa = PBXFileReference; lastKnownFileType = sourcecode.swift; path = NetworkDataFetcher.swift; sourceTree = "<group>"; };
		9261791528296CA800F2206C /* FetchedNumber.swift */ = {isa = PBXFileReference; lastKnownFileType = sourcecode.swift; path = FetchedNumber.swift; sourceTree = "<group>"; };
		926179172829A53400F2206C /* UIButton+Extension.swift */ = {isa = PBXFileReference; lastKnownFileType = sourcecode.swift; path = "UIButton+Extension.swift"; sourceTree = "<group>"; };
/* End PBXFileReference section */

/* Begin PBXFrameworksBuildPhase section */
		926178B32826C7BE00F2206C /* Frameworks */ = {
			isa = PBXFrameworksBuildPhase;
			buildActionMask = 2147483647;
			files = (
			);
			runOnlyForDeploymentPostprocessing = 0;
		};
		926178C92826C7BF00F2206C /* Frameworks */ = {
			isa = PBXFrameworksBuildPhase;
			buildActionMask = 2147483647;
			files = (
			);
			runOnlyForDeploymentPostprocessing = 0;
		};
		926178D32826C7BF00F2206C /* Frameworks */ = {
			isa = PBXFrameworksBuildPhase;
			buildActionMask = 2147483647;
			files = (
			);
			runOnlyForDeploymentPostprocessing = 0;
		};
/* End PBXFrameworksBuildPhase section */

/* Begin PBXGroup section */
		926178AD2826C7BE00F2206C = {
			isa = PBXGroup;
			children = (
				926178B82826C7BE00F2206C /* InterestingNumbersApp */,
				926178CF2826C7BF00F2206C /* InterestingNumbersAppTests */,
				926178D92826C7BF00F2206C /* InterestingNumbersAppUITests */,
				926178B72826C7BE00F2206C /* Products */,
			);
			sourceTree = "<group>";
		};
		926178B72826C7BE00F2206C /* Products */ = {
			isa = PBXGroup;
			children = (
				926178B62826C7BE00F2206C /* InterestingNumbersApp.app */,
				926178CC2826C7BF00F2206C /* InterestingNumbersAppTests.xctest */,
				926178D62826C7BF00F2206C /* InterestingNumbersAppUITests.xctest */,
			);
			name = Products;
			sourceTree = "<group>";
		};
		926178B82826C7BE00F2206C /* InterestingNumbersApp */ = {
			isa = PBXGroup;
			children = (
				926178B92826C7BE00F2206C /* AppDelegate.swift */,
				926178BB2826C7BE00F2206C /* SceneDelegate.swift */,
				926179122827FA4600F2206C /* Service */,
				9261791328280C4E00F2206C /* Controllers */,
				9261791428280C6000F2206C /* Model */,
				926179022826E4F800F2206C /* Extensions */,
				926178C22826C7BF00F2206C /* Assets.xcassets */,
				926178C42826C7BF00F2206C /* LaunchScreen.storyboard */,
				926178C72826C7BF00F2206C /* Info.plist */,
				926178E92826C8E900F2206C /* OpenSans */,
			);
			path = InterestingNumbersApp;
			sourceTree = "<group>";
		};
		926178CF2826C7BF00F2206C /* InterestingNumbersAppTests */ = {
			isa = PBXGroup;
			children = (
				926178D02826C7BF00F2206C /* InterestingNumbersAppTests.swift */,
			);
			path = InterestingNumbersAppTests;
			sourceTree = "<group>";
		};
		926178D92826C7BF00F2206C /* InterestingNumbersAppUITests */ = {
			isa = PBXGroup;
			children = (
				926178DA2826C7BF00F2206C /* InterestingNumbersAppUITests.swift */,
				926178DC2826C7BF00F2206C /* InterestingNumbersAppUITestsLaunchTests.swift */,
			);
			path = InterestingNumbersAppUITests;
			sourceTree = "<group>";
		};
		926178E92826C8E900F2206C /* OpenSans */ = {
			isa = PBXGroup;
			children = (
				926178EA2826C8E900F2206C /* OpenSans-SemiBold.ttf */,
				926178EB2826C8E900F2206C /* OpenSans-Light.ttf */,
				926178EC2826C8E900F2206C /* OpenSans-Italic.ttf */,
				926178ED2826C8E900F2206C /* OpenSans-MediumItalic.ttf */,
				926178EE2826C8E900F2206C /* OpenSans-ExtraBold.ttf */,
				926178EF2826C8E900F2206C /* OpenSans-LightItalic.ttf */,
				926178F02826C8E900F2206C /* OpenSans-Bold.ttf */,
				926178F12826C8E900F2206C /* OpenSans-SemiBoldItalic.ttf */,
				926178F22826C8E900F2206C /* OpenSans-Medium.ttf */,
				926178F32826C8E900F2206C /* OpenSans-ExtraBoldItalic.ttf */,
				926178F42826C8E900F2206C /* OpenSans-Regular.ttf */,
				926178F52826C8E900F2206C /* OpenSans-BoldItalic.ttf */,
			);
			path = OpenSans;
			sourceTree = "<group>";
		};
		926179022826E4F800F2206C /* Extensions */ = {
			isa = PBXGroup;
			children = (
				926179032826E52800F2206C /* UIColor+Extensions.swift */,
				926179052826E61D00F2206C /* UIFont+Extension.swift */,
				926179092827409900F2206C /* UIView+Extensions.swift */,
				926179172829A53400F2206C /* UIButton+Extension.swift */,
			);
			path = Extensions;
			sourceTree = "<group>";
		};
		926179122827FA4600F2206C /* Service */ = {
			isa = PBXGroup;
			children = (
				9261790728272BE300F2206C /* NetworkService.swift */,
				926179102827F9B600F2206C /* NetworkDataFetcher.swift */,
			);
			path = Service;
			sourceTree = "<group>";
		};
		9261791328280C4E00F2206C /* Controllers */ = {
			isa = PBXGroup;
			children = (
				926178BD2826C7BE00F2206C /* ViewController.swift */,
				9261790D2827E11900F2206C /* FactViewController.swift */,
			);
			path = Controllers;
			sourceTree = "<group>";
		};
		9261791428280C6000F2206C /* Model */ = {
			isa = PBXGroup;
			children = (
				9261790B2827D19600F2206C /* SearchResults.swift */,
				9261791528296CA800F2206C /* FetchedNumber.swift */,
			);
			path = Model;
			sourceTree = "<group>";
		};
/* End PBXGroup section */

/* Begin PBXNativeTarget section */
		926178B52826C7BE00F2206C /* InterestingNumbersApp */ = {
			isa = PBXNativeTarget;
			buildConfigurationList = 926178E02826C7BF00F2206C /* Build configuration list for PBXNativeTarget "InterestingNumbersApp" */;
			buildPhases = (
				926178B22826C7BE00F2206C /* Sources */,
				926178B32826C7BE00F2206C /* Frameworks */,
				926178B42826C7BE00F2206C /* Resources */,
			);
			buildRules = (
			);
			dependencies = (
			);
			name = InterestingNumbersApp;
			productName = InterestingNumbersApp;
			productReference = 926178B62826C7BE00F2206C /* InterestingNumbersApp.app */;
			productType = "com.apple.product-type.application";
		};
		926178CB2826C7BF00F2206C /* InterestingNumbersAppTests */ = {
			isa = PBXNativeTarget;
			buildConfigurationList = 926178E32826C7BF00F2206C /* Build configuration list for PBXNativeTarget "InterestingNumbersAppTests" */;
			buildPhases = (
				926178C82826C7BF00F2206C /* Sources */,
				926178C92826C7BF00F2206C /* Frameworks */,
				926178CA2826C7BF00F2206C /* Resources */,
			);
			buildRules = (
			);
			dependencies = (
				926178CE2826C7BF00F2206C /* PBXTargetDependency */,
			);
			name = InterestingNumbersAppTests;
			productName = InterestingNumbersAppTests;
			productReference = 926178CC2826C7BF00F2206C /* InterestingNumbersAppTests.xctest */;
			productType = "com.apple.product-type.bundle.unit-test";
		};
		926178D52826C7BF00F2206C /* InterestingNumbersAppUITests */ = {
			isa = PBXNativeTarget;
			buildConfigurationList = 926178E62826C7BF00F2206C /* Build configuration list for PBXNativeTarget "InterestingNumbersAppUITests" */;
			buildPhases = (
				926178D22826C7BF00F2206C /* Sources */,
				926178D32826C7BF00F2206C /* Frameworks */,
				926178D42826C7BF00F2206C /* Resources */,
			);
			buildRules = (
			);
			dependencies = (
				926178D82826C7BF00F2206C /* PBXTargetDependency */,
			);
			name = InterestingNumbersAppUITests;
			productName = InterestingNumbersAppUITests;
			productReference = 926178D62826C7BF00F2206C /* InterestingNumbersAppUITests.xctest */;
			productType = "com.apple.product-type.bundle.ui-testing";
		};
/* End PBXNativeTarget section */

/* Begin PBXProject section */
		926178AE2826C7BE00F2206C /* Project object */ = {
			isa = PBXProject;
			attributes = {
				BuildIndependentTargetsInParallel = 1;
				LastSwiftUpdateCheck = 1320;
				LastUpgradeCheck = 1320;
				TargetAttributes = {
					926178B52826C7BE00F2206C = {
						CreatedOnToolsVersion = 13.2.1;
					};
					926178CB2826C7BF00F2206C = {
						CreatedOnToolsVersion = 13.2.1;
						TestTargetID = 926178B52826C7BE00F2206C;
					};
					926178D52826C7BF00F2206C = {
						CreatedOnToolsVersion = 13.2.1;
						TestTargetID = 926178B52826C7BE00F2206C;
					};
				};
			};
			buildConfigurationList = 926178B12826C7BE00F2206C /* Build configuration list for PBXProject "InterestingNumbersApp" */;
			compatibilityVersion = "Xcode 13.0";
			developmentRegion = en;
			hasScannedForEncodings = 0;
			knownRegions = (
				en,
				Base,
			);
			mainGroup = 926178AD2826C7BE00F2206C;
			productRefGroup = 926178B72826C7BE00F2206C /* Products */;
			projectDirPath = "";
			projectRoot = "";
			targets = (
				926178B52826C7BE00F2206C /* InterestingNumbersApp */,
				926178CB2826C7BF00F2206C /* InterestingNumbersAppTests */,
				926178D52826C7BF00F2206C /* InterestingNumbersAppUITests */,
			);
		};
/* End PBXProject section */

/* Begin PBXResourcesBuildPhase section */
		926178B42826C7BE00F2206C /* Resources */ = {
			isa = PBXResourcesBuildPhase;
			buildActionMask = 2147483647;
			files = (
				926178C62826C7BF00F2206C /* LaunchScreen.storyboard in Resources */,
				926178F62826C8E900F2206C /* OpenSans-SemiBold.ttf in Resources */,
				926178FA2826C8E900F2206C /* OpenSans-ExtraBold.ttf in Resources */,
				926178F72826C8E900F2206C /* OpenSans-Light.ttf in Resources */,
				926178FD2826C8E900F2206C /* OpenSans-SemiBoldItalic.ttf in Resources */,
				926178F82826C8E900F2206C /* OpenSans-Italic.ttf in Resources */,
				926178FC2826C8E900F2206C /* OpenSans-Bold.ttf in Resources */,
				926178FF2826C8E900F2206C /* OpenSans-ExtraBoldItalic.ttf in Resources */,
				926178F92826C8E900F2206C /* OpenSans-MediumItalic.ttf in Resources */,
				926178FE2826C8E900F2206C /* OpenSans-Medium.ttf in Resources */,
				926179012826C8E900F2206C /* OpenSans-BoldItalic.ttf in Resources */,
				926178FB2826C8E900F2206C /* OpenSans-LightItalic.ttf in Resources */,
				926179002826C8E900F2206C /* OpenSans-Regular.ttf in Resources */,
				926178C32826C7BF00F2206C /* Assets.xcassets in Resources */,
			);
			runOnlyForDeploymentPostprocessing = 0;
		};
		926178CA2826C7BF00F2206C /* Resources */ = {
			isa = PBXResourcesBuildPhase;
			buildActionMask = 2147483647;
			files = (
			);
			runOnlyForDeploymentPostprocessing = 0;
		};
		926178D42826C7BF00F2206C /* Resources */ = {
			isa = PBXResourcesBuildPhase;
			buildActionMask = 2147483647;
			files = (
			);
			runOnlyForDeploymentPostprocessing = 0;
		};
/* End PBXResourcesBuildPhase section */

/* Begin PBXSourcesBuildPhase section */
		926178B22826C7BE00F2206C /* Sources */ = {
			isa = PBXSourcesBuildPhase;
			buildActionMask = 2147483647;
			files = (
				9261790E2827E11900F2206C /* FactViewController.swift in Sources */,
				9261790A2827409900F2206C /* UIView+Extensions.swift in Sources */,
				926178BE2826C7BE00F2206C /* ViewController.swift in Sources */,
				926178BA2826C7BE00F2206C /* AppDelegate.swift in Sources */,
				926179112827F9B600F2206C /* NetworkDataFetcher.swift in Sources */,
				926179182829A53400F2206C /* UIButton+Extension.swift in Sources */,
				926178BC2826C7BE00F2206C /* SceneDelegate.swift in Sources */,
				926179062826E61D00F2206C /* UIFont+Extension.swift in Sources */,
				9261790828272BE300F2206C /* NetworkService.swift in Sources */,
				9261790C2827D19600F2206C /* SearchResults.swift in Sources */,
				9261791628296CA800F2206C /* FetchedNumber.swift in Sources */,
				926179042826E52800F2206C /* UIColor+Extensions.swift in Sources */,
			);
			runOnlyForDeploymentPostprocessing = 0;
		};
		926178C82826C7BF00F2206C /* Sources */ = {
			isa = PBXSourcesBuildPhase;
			buildActionMask = 2147483647;
			files = (
				926178D12826C7BF00F2206C /* InterestingNumbersAppTests.swift in Sources */,
			);
			runOnlyForDeploymentPostprocessing = 0;
		};
		926178D22826C7BF00F2206C /* Sources */ = {
			isa = PBXSourcesBuildPhase;
			buildActionMask = 2147483647;
			files = (
				926178DD2826C7BF00F2206C /* InterestingNumbersAppUITestsLaunchTests.swift in Sources */,
				926178DB2826C7BF00F2206C /* InterestingNumbersAppUITests.swift in Sources */,
			);
			runOnlyForDeploymentPostprocessing = 0;
		};
/* End PBXSourcesBuildPhase section */

/* Begin PBXTargetDependency section */
		926178CE2826C7BF00F2206C /* PBXTargetDependency */ = {
			isa = PBXTargetDependency;
			target = 926178B52826C7BE00F2206C /* InterestingNumbersApp */;
			targetProxy = 926178CD2826C7BF00F2206C /* PBXContainerItemProxy */;
		};
		926178D82826C7BF00F2206C /* PBXTargetDependency */ = {
			isa = PBXTargetDependency;
			target = 926178B52826C7BE00F2206C /* InterestingNumbersApp */;
			targetProxy = 926178D72826C7BF00F2206C /* PBXContainerItemProxy */;
		};
/* End PBXTargetDependency section */

/* Begin PBXVariantGroup section */
		926178C42826C7BF00F2206C /* LaunchScreen.storyboard */ = {
			isa = PBXVariantGroup;
			children = (
				926178C52826C7BF00F2206C /* Base */,
			);
			name = LaunchScreen.storyboard;
			sourceTree = "<group>";
		};
/* End PBXVariantGroup section */

/* Begin XCBuildConfiguration section */
		926178DE2826C7BF00F2206C /* Debug */ = {
			isa = XCBuildConfiguration;
			buildSettings = {
				ALWAYS_SEARCH_USER_PATHS = NO;
				CLANG_ANALYZER_NONNULL = YES;
				CLANG_ANALYZER_NUMBER_OBJECT_CONVERSION = YES_AGGRESSIVE;
				CLANG_CXX_LANGUAGE_STANDARD = "gnu++17";
				CLANG_CXX_LIBRARY = "libc++";
				CLANG_ENABLE_MODULES = YES;
				CLANG_ENABLE_OBJC_ARC = YES;
				CLANG_ENABLE_OBJC_WEAK = YES;
				CLANG_WARN_BLOCK_CAPTURE_AUTORELEASING = YES;
				CLANG_WARN_BOOL_CONVERSION = YES;
				CLANG_WARN_COMMA = YES;
				CLANG_WARN_CONSTANT_CONVERSION = YES;
				CLANG_WARN_DEPRECATED_OBJC_IMPLEMENTATIONS = YES;
				CLANG_WARN_DIRECT_OBJC_ISA_USAGE = YES_ERROR;
				CLANG_WARN_DOCUMENTATION_COMMENTS = YES;
				CLANG_WARN_EMPTY_BODY = YES;
				CLANG_WARN_ENUM_CONVERSION = YES;
				CLANG_WARN_INFINITE_RECURSION = YES;
				CLANG_WARN_INT_CONVERSION = YES;
				CLANG_WARN_NON_LITERAL_NULL_CONVERSION = YES;
				CLANG_WARN_OBJC_IMPLICIT_RETAIN_SELF = YES;
				CLANG_WARN_OBJC_LITERAL_CONVERSION = YES;
				CLANG_WARN_OBJC_ROOT_CLASS = YES_ERROR;
				CLANG_WARN_QUOTED_INCLUDE_IN_FRAMEWORK_HEADER = YES;
				CLANG_WARN_RANGE_LOOP_ANALYSIS = YES;
				CLANG_WARN_STRICT_PROTOTYPES = YES;
				CLANG_WARN_SUSPICIOUS_MOVE = YES;
				CLANG_WARN_UNGUARDED_AVAILABILITY = YES_AGGRESSIVE;
				CLANG_WARN_UNREACHABLE_CODE = YES;
				CLANG_WARN__DUPLICATE_METHOD_MATCH = YES;
				COPY_PHASE_STRIP = NO;
				DEBUG_INFORMATION_FORMAT = dwarf;
				ENABLE_STRICT_OBJC_MSGSEND = YES;
				ENABLE_TESTABILITY = YES;
				GCC_C_LANGUAGE_STANDARD = gnu11;
				GCC_DYNAMIC_NO_PIC = NO;
				GCC_NO_COMMON_BLOCKS = YES;
				GCC_OPTIMIZATION_LEVEL = 0;
				GCC_PREPROCESSOR_DEFINITIONS = (
					"DEBUG=1",
					"$(inherited)",
				);
				GCC_WARN_64_TO_32_BIT_CONVERSION = YES;
				GCC_WARN_ABOUT_RETURN_TYPE = YES_ERROR;
				GCC_WARN_UNDECLARED_SELECTOR = YES;
				GCC_WARN_UNINITIALIZED_AUTOS = YES_AGGRESSIVE;
				GCC_WARN_UNUSED_FUNCTION = YES;
				GCC_WARN_UNUSED_VARIABLE = YES;
				IPHONEOS_DEPLOYMENT_TARGET = 15.2;
				MTL_ENABLE_DEBUG_INFO = INCLUDE_SOURCE;
				MTL_FAST_MATH = YES;
				ONLY_ACTIVE_ARCH = YES;
				SDKROOT = iphoneos;
				SWIFT_ACTIVE_COMPILATION_CONDITIONS = DEBUG;
				SWIFT_OPTIMIZATION_LEVEL = "-Onone";
			};
			name = Debug;
		};
		926178DF2826C7BF00F2206C /* Release */ = {
			isa = XCBuildConfiguration;
			buildSettings = {
				ALWAYS_SEARCH_USER_PATHS = NO;
				CLANG_ANALYZER_NONNULL = YES;
				CLANG_ANALYZER_NUMBER_OBJECT_CONVERSION = YES_AGGRESSIVE;
				CLANG_CXX_LANGUAGE_STANDARD = "gnu++17";
				CLANG_CXX_LIBRARY = "libc++";
				CLANG_ENABLE_MODULES = YES;
				CLANG_ENABLE_OBJC_ARC = YES;
				CLANG_ENABLE_OBJC_WEAK = YES;
				CLANG_WARN_BLOCK_CAPTURE_AUTORELEASING = YES;
				CLANG_WARN_BOOL_CONVERSION = YES;
				CLANG_WARN_COMMA = YES;
				CLANG_WARN_CONSTANT_CONVERSION = YES;
				CLANG_WARN_DEPRECATED_OBJC_IMPLEMENTATIONS = YES;
				CLANG_WARN_DIRECT_OBJC_ISA_USAGE = YES_ERROR;
				CLANG_WARN_DOCUMENTATION_COMMENTS = YES;
				CLANG_WARN_EMPTY_BODY = YES;
				CLANG_WARN_ENUM_CONVERSION = YES;
				CLANG_WARN_INFINITE_RECURSION = YES;
				CLANG_WARN_INT_CONVERSION = YES;
				CLANG_WARN_NON_LITERAL_NULL_CONVERSION = YES;
				CLANG_WARN_OBJC_IMPLICIT_RETAIN_SELF = YES;
				CLANG_WARN_OBJC_LITERAL_CONVERSION = YES;
				CLANG_WARN_OBJC_ROOT_CLASS = YES_ERROR;
				CLANG_WARN_QUOTED_INCLUDE_IN_FRAMEWORK_HEADER = YES;
				CLANG_WARN_RANGE_LOOP_ANALYSIS = YES;
				CLANG_WARN_STRICT_PROTOTYPES = YES;
				CLANG_WARN_SUSPICIOUS_MOVE = YES;
				CLANG_WARN_UNGUARDED_AVAILABILITY = YES_AGGRESSIVE;
				CLANG_WARN_UNREACHABLE_CODE = YES;
				CLANG_WARN__DUPLICATE_METHOD_MATCH = YES;
				COPY_PHASE_STRIP = NO;
				DEBUG_INFORMATION_FORMAT = "dwarf-with-dsym";
				ENABLE_NS_ASSERTIONS = NO;
				ENABLE_STRICT_OBJC_MSGSEND = YES;
				GCC_C_LANGUAGE_STANDARD = gnu11;
				GCC_NO_COMMON_BLOCKS = YES;
				GCC_WARN_64_TO_32_BIT_CONVERSION = YES;
				GCC_WARN_ABOUT_RETURN_TYPE = YES_ERROR;
				GCC_WARN_UNDECLARED_SELECTOR = YES;
				GCC_WARN_UNINITIALIZED_AUTOS = YES_AGGRESSIVE;
				GCC_WARN_UNUSED_FUNCTION = YES;
				GCC_WARN_UNUSED_VARIABLE = YES;
				IPHONEOS_DEPLOYMENT_TARGET = 15.2;
				MTL_ENABLE_DEBUG_INFO = NO;
				MTL_FAST_MATH = YES;
				SDKROOT = iphoneos;
				SWIFT_COMPILATION_MODE = wholemodule;
				SWIFT_OPTIMIZATION_LEVEL = "-O";
				VALIDATE_PRODUCT = YES;
			};
			name = Release;
		};
		926178E12826C7BF00F2206C /* Debug */ = {
			isa = XCBuildConfiguration;
			buildSettings = {
				ASSETCATALOG_COMPILER_APPICON_NAME = AppIcon;
				ASSETCATALOG_COMPILER_GLOBAL_ACCENT_COLOR_NAME = AccentColor;
				CODE_SIGN_STYLE = Automatic;
				CURRENT_PROJECT_VERSION = 1;
				DEVELOPMENT_TEAM = DZ2PGPZR5F;
				GENERATE_INFOPLIST_FILE = YES;
				INFOPLIST_FILE = InterestingNumbersApp/Info.plist;
				INFOPLIST_KEY_UIApplicationSupportsIndirectInputEvents = YES;
				INFOPLIST_KEY_UILaunchStoryboardName = LaunchScreen;
				INFOPLIST_KEY_UISupportedInterfaceOrientations = UIInterfaceOrientationPortrait;
				INFOPLIST_KEY_UISupportedInterfaceOrientations_iPad = "UIInterfaceOrientationPortrait UIInterfaceOrientationPortraitUpsideDown UIInterfaceOrientationLandscapeLeft UIInterfaceOrientationLandscapeRight";
				INFOPLIST_KEY_UISupportedInterfaceOrientations_iPhone = "UIInterfaceOrientationPortrait UIInterfaceOrientationLandscapeLeft UIInterfaceOrientationLandscapeRight";
				LD_RUNPATH_SEARCH_PATHS = (
					"$(inherited)",
					"@executable_path/Frameworks",
				);
				MARKETING_VERSION = 1.0;
				PRODUCT_BUNDLE_IDENTIFIER = com.konfetacompany.InterestingNumbersApp;
				PRODUCT_NAME = "$(TARGET_NAME)";
				SWIFT_EMIT_LOC_STRINGS = YES;
				SWIFT_VERSION = 5.0;
				TARGETED_DEVICE_FAMILY = 1;
			};
			name = Debug;
		};
		926178E22826C7BF00F2206C /* Release */ = {
			isa = XCBuildConfiguration;
			buildSettings = {
				ASSETCATALOG_COMPILER_APPICON_NAME = AppIcon;
				ASSETCATALOG_COMPILER_GLOBAL_ACCENT_COLOR_NAME = AccentColor;
				CODE_SIGN_STYLE = Automatic;
				CURRENT_PROJECT_VERSION = 1;
				DEVELOPMENT_TEAM = DZ2PGPZR5F;
				GENERATE_INFOPLIST_FILE = YES;
				INFOPLIST_FILE = InterestingNumbersApp/Info.plist;
				INFOPLIST_KEY_UIApplicationSupportsIndirectInputEvents = YES;
				INFOPLIST_KEY_UILaunchStoryboardName = LaunchScreen;
				INFOPLIST_KEY_UISupportedInterfaceOrientations = UIInterfaceOrientationPortrait;
				INFOPLIST_KEY_UISupportedInterfaceOrientations_iPad = "UIInterfaceOrientationPortrait UIInterfaceOrientationPortraitUpsideDown UIInterfaceOrientationLandscapeLeft UIInterfaceOrientationLandscapeRight";
				INFOPLIST_KEY_UISupportedInterfaceOrientations_iPhone = "UIInterfaceOrientationPortrait UIInterfaceOrientationLandscapeLeft UIInterfaceOrientationLandscapeRight";
				LD_RUNPATH_SEARCH_PATHS = (
					"$(inherited)",
					"@executable_path/Frameworks",
				);
				MARKETING_VERSION = 1.0;
				PRODUCT_BUNDLE_IDENTIFIER = com.konfetacompany.InterestingNumbersApp;
				PRODUCT_NAME = "$(TARGET_NAME)";
				SWIFT_EMIT_LOC_STRINGS = YES;
				SWIFT_VERSION = 5.0;
				TARGETED_DEVICE_FAMILY = 1;
			};
			name = Release;
		};
		926178E42826C7BF00F2206C /* Debug */ = {
			isa = XCBuildConfiguration;
			buildSettings = {
				ALWAYS_EMBED_SWIFT_STANDARD_LIBRARIES = YES;
				BUNDLE_LOADER = "$(TEST_HOST)";
				CODE_SIGN_STYLE = Automatic;
				CURRENT_PROJECT_VERSION = 1;
				DEVELOPMENT_TEAM = DZ2PGPZR5F;
				GENERATE_INFOPLIST_FILE = YES;
				IPHONEOS_DEPLOYMENT_TARGET = 15.2;
				MARKETING_VERSION = 1.0;
				PRODUCT_BUNDLE_IDENTIFIER = com.konfetacompany.InterestingNumbersAppTests;
				PRODUCT_NAME = "$(TARGET_NAME)";
				SWIFT_EMIT_LOC_STRINGS = NO;
				SWIFT_VERSION = 5.0;
				TARGETED_DEVICE_FAMILY = "1,2";
				TEST_HOST = "$(BUILT_PRODUCTS_DIR)/InterestingNumbersApp.app/InterestingNumbersApp";
			};
			name = Debug;
		};
		926178E52826C7BF00F2206C /* Release */ = {
			isa = XCBuildConfiguration;
			buildSettings = {
				ALWAYS_EMBED_SWIFT_STANDARD_LIBRARIES = YES;
				BUNDLE_LOADER = "$(TEST_HOST)";
				CODE_SIGN_STYLE = Automatic;
				CURRENT_PROJECT_VERSION = 1;
				DEVELOPMENT_TEAM = DZ2PGPZR5F;
				GENERATE_INFOPLIST_FILE = YES;
				IPHONEOS_DEPLOYMENT_TARGET = 15.2;
				MARKETING_VERSION = 1.0;
				PRODUCT_BUNDLE_IDENTIFIER = com.konfetacompany.InterestingNumbersAppTests;
				PRODUCT_NAME = "$(TARGET_NAME)";
				SWIFT_EMIT_LOC_STRINGS = NO;
				SWIFT_VERSION = 5.0;
				TARGETED_DEVICE_FAMILY = "1,2";
				TEST_HOST = "$(BUILT_PRODUCTS_DIR)/InterestingNumbersApp.app/InterestingNumbersApp";
			};
			name = Release;
		};
		926178E72826C7BF00F2206C /* Debug */ = {
			isa = XCBuildConfiguration;
			buildSettings = {
				ALWAYS_EMBED_SWIFT_STANDARD_LIBRARIES = YES;
				CODE_SIGN_STYLE = Automatic;
				CURRENT_PROJECT_VERSION = 1;
				DEVELOPMENT_TEAM = DZ2PGPZR5F;
				GENERATE_INFOPLIST_FILE = YES;
				MARKETING_VERSION = 1.0;
				PRODUCT_BUNDLE_IDENTIFIER = com.konfetacompany.InterestingNumbersAppUITests;
				PRODUCT_NAME = "$(TARGET_NAME)";
				SWIFT_EMIT_LOC_STRINGS = NO;
				SWIFT_VERSION = 5.0;
				TARGETED_DEVICE_FAMILY = "1,2";
				TEST_TARGET_NAME = InterestingNumbersApp;
			};
			name = Debug;
		};
		926178E82826C7BF00F2206C /* Release */ = {
			isa = XCBuildConfiguration;
			buildSettings = {
				ALWAYS_EMBED_SWIFT_STANDARD_LIBRARIES = YES;
				CODE_SIGN_STYLE = Automatic;
				CURRENT_PROJECT_VERSION = 1;
				DEVELOPMENT_TEAM = DZ2PGPZR5F;
				GENERATE_INFOPLIST_FILE = YES;
				MARKETING_VERSION = 1.0;
				PRODUCT_BUNDLE_IDENTIFIER = com.konfetacompany.InterestingNumbersAppUITests;
				PRODUCT_NAME = "$(TARGET_NAME)";
				SWIFT_EMIT_LOC_STRINGS = NO;
				SWIFT_VERSION = 5.0;
				TARGETED_DEVICE_FAMILY = "1,2";
				TEST_TARGET_NAME = InterestingNumbersApp;
			};
			name = Release;
		};
/* End XCBuildConfiguration section */

/* Begin XCConfigurationList section */
		926178B12826C7BE00F2206C /* Build configuration list for PBXProject "InterestingNumbersApp" */ = {
			isa = XCConfigurationList;
			buildConfigurations = (
				926178DE2826C7BF00F2206C /* Debug */,
				926178DF2826C7BF00F2206C /* Release */,
			);
			defaultConfigurationIsVisible = 0;
			defaultConfigurationName = Release;
		};
		926178E02826C7BF00F2206C /* Build configuration list for PBXNativeTarget "InterestingNumbersApp" */ = {
			isa = XCConfigurationList;
			buildConfigurations = (
				926178E12826C7BF00F2206C /* Debug */,
				926178E22826C7BF00F2206C /* Release */,
			);
			defaultConfigurationIsVisible = 0;
			defaultConfigurationName = Release;
		};
		926178E32826C7BF00F2206C /* Build configuration list for PBXNativeTarget "InterestingNumbersAppTests" */ = {
			isa = XCConfigurationList;
			buildConfigurations = (
				926178E42826C7BF00F2206C /* Debug */,
				926178E52826C7BF00F2206C /* Release */,
			);
			defaultConfigurationIsVisible = 0;
			defaultConfigurationName = Release;
		};
		926178E62826C7BF00F2206C /* Build configuration list for PBXNativeTarget "InterestingNumbersAppUITests" */ = {
			isa = XCConfigurationList;
			buildConfigurations = (
				926178E72826C7BF00F2206C /* Debug */,
				926178E82826C7BF00F2206C /* Release */,
			);
			defaultConfigurationIsVisible = 0;
			defaultConfigurationName = Release;
		};
/* End XCConfigurationList section */
	};
	rootObject = 926178AE2826C7BE00F2206C /* Project object */;
}
